
Microsoft Visual Studio Solution File, Format Version 12.00
# Visual Studio Version 17
VisualStudioVersion = 17.3.32811.315
MinimumVisualStudioVersion = 10.0.40219.1
Project("{FAE04EC0-301F-11D3-BF4B-00C04F79EFBC}") = "CarsAndUsedCars", "CarsAndUsedCars\CarsAndUsedCars.csproj", "{AD7F76E1-9772-4869-8131-1CE07A33568A}"
EndProject
Global
	GlobalSection(SolutionConfigurationPlatforms) = preSolution
		Debug|Any CPU = Debug|Any CPU
		Release|Any CPU = Release|Any CPU
	EndGlobalSection
	GlobalSection(ProjectConfigurationPlatforms) = postSolution
		{AD7F76E1-9772-4869-8131-1CE07A33568A}.Debug|Any CPU.ActiveCfg = Debug|Any CPU
		{AD7F76E1-9772-4869-8131-1CE07A33568A}.Debug|Any CPU.Build.0 = Debug|Any CPU
		{AD7F76E1-9772-4869-8131-1CE07A33568A}.Release|Any CPU.ActiveCfg = Release|Any CPU
		{AD7F76E1-9772-4869-8131-1CE07A33568A}.Release|Any CPU.Build.0 = Release|Any CPU
	EndGlobalSection
	GlobalSection(SolutionProperties) = preSolution
		HideSolutionNode = FALSE
	EndGlobalSection
	GlobalSection(ExtensibilityGlobals) = postSolution
		SolutionGuid = {9BFC974B-0627-47F0-8193-8527C9DE6E16}
	EndGlobalSection
EndGlobal
